PODS:
  - AMap3DMap (7.9.0):
    - AMapFoundation (~> 1.6.6)
  - amap_flutter_map (0.0.1):
    - AMap3DMap
    - Flutter
  - AMapFoundation (1.6.6)
  - Flutter (1.0.0)
  - image_picker (0.0.1):
    - Flutter
  - shared_preferences (0.0.1):
    - Flutter
  - url_launcher (0.0.1):
    - Flutter
  - webview_flutter (0.0.1):
    - Flutter

DEPENDENCIES:
  - amap_flutter_map (from `.symlinks/plugins/amap_flutter_map/ios`)
  - Flutter (from `Flutter`)
  - image_picker (from `.symlinks/plugins/image_picker/ios`)
  - shared_preferences (from `.symlinks/plugins/shared_preferences/ios`)
  - url_launcher (from `.symlinks/plugins/url_launcher/ios`)
  - webview_flutter (from `.symlinks/plugins/webview_flutter/ios`)

SPEC REPOS:
  trunk:
    - AMap3DMap
    - AMapFoundation

EXTERNAL SOURCES:
  amap_flutter_map:
    :path: ".symlinks/plugins/amap_flutter_map/ios"
  Flutter:
    :path: Flutter
  image_picker:
    :path: ".symlinks/plugins/image_picker/ios"
  shared_preferences:
    :path: ".symlinks/plugins/shared_preferences/ios"
  url_launcher:
    :path: ".symlinks/plugins/url_launcher/ios"
  webview_flutter:
    :path: ".symlinks/plugins/webview_flutter/ios"

SPEC CHECKSUMS:
  AMap3DMap: 4ff760f011b89aec85edd8b5fcf90d384aae1202
  amap_flutter_map: 979e54d227cedac6c7504a2151bfbf3bcf96760a
  AMapFoundation: 2d012d9aaa7a5c0d387ddb1a8c5f03e1d6df29b8
  Flutter: 434fef37c0980e73bb6479ef766c45957d4b510c
  image_picker: 50e7c7ff960e5f58faa4d1f4af84a771c671bc4a
  shared_preferences: af6bfa751691cdc24be3045c43ec037377ada40d
  url_launcher: 6fef411d543ceb26efce54b05a0a40bfd74cbbef
  webview_flutter: 9f491a9b5a66f2573946a389b2677987b0ff8c0b

PODFILE CHECKSUM: aafe91acc616949ddb318b77800a7f51bffa2a4c

COCOAPODS: 1.10.1
